
Microsoft Visual Studio Solution File, Format Version 12.00
# Visual Studio 15
VisualStudioVersion = 15.0.28307.757
MinimumVisualStudioVersion = 10.0.40219.1
Project("{9A19103F-16F7-4668-BE54-9A1E7A4F7556}") = "Kiwi", "Kiwi\Kiwi.csproj", "{C3767763-1DF0-4333-83FF-DAE8957228AE}"
EndProject
Project("{9A19103F-16F7-4668-BE54-9A1E7A4F7556}") = "KiwiTests", "KiwiTests\KiwiTests.csproj", "{5C452486-F9F0-4E37-B849-94D5DB71A86A}"
EndProject
Project("{FAE04EC0-301F-11D3-BF4B-00C04F79EFBC}") = "KiwiCore", "KiwiCore\KiwiCore.csproj", "{331958B4-3A0D-418D-9887-0A7337B02B08}"
EndProject
Global
	GlobalSection(SolutionConfigurationPlatforms) = preSolution
		Debug|Any CPU = Debug|Any CPU
		Release|Any CPU = Release|Any CPU
	EndGlobalSection
	GlobalSection(ProjectConfigurationPlatforms) = postSolution
		{C3767763-1DF0-4333-83FF-DAE8957228AE}.Debug|Any CPU.ActiveCfg = Debug|Any CPU
		{C3767763-1DF0-4333-83FF-DAE8957228AE}.Debug|Any CPU.Build.0 = Debug|Any CPU
		{C3767763-1DF0-4333-83FF-DAE8957228AE}.Release|Any CPU.ActiveCfg = Release|Any CPU
		{C3767763-1DF0-4333-83FF-DAE8957228AE}.Release|Any CPU.Build.0 = Release|Any CPU
		{5C452486-F9F0-4E37-B849-94D5DB71A86A}.Debug|Any CPU.ActiveCfg = Debug|Any CPU
		{5C452486-F9F0-4E37-B849-94D5DB71A86A}.Debug|Any CPU.Build.0 = Debug|Any CPU
		{5C452486-F9F0-4E37-B849-94D5DB71A86A}.Release|Any CPU.ActiveCfg = Release|Any CPU
		{5C452486-F9F0-4E37-B849-94D5DB71A86A}.Release|Any CPU.Build.0 = Release|Any CPU
		{331958B4-3A0D-418D-9887-0A7337B02B08}.Debug|Any CPU.ActiveCfg = Debug|Any CPU
		{331958B4-3A0D-418D-9887-0A7337B02B08}.Debug|Any CPU.Build.0 = Debug|Any CPU
		{331958B4-3A0D-418D-9887-0A7337B02B08}.Release|Any CPU.ActiveCfg = Release|Any CPU
		{331958B4-3A0D-418D-9887-0A7337B02B08}.Release|Any CPU.Build.0 = Release|Any CPU
	EndGlobalSection
	GlobalSection(SolutionProperties) = preSolution
		HideSolutionNode = FALSE
	EndGlobalSection
	GlobalSection(ExtensibilityGlobals) = postSolution
		SolutionGuid = {3A106C8E-1885-4A7D-A393-C22706D2DC88}
	EndGlobalSection
EndGlobal
